
Microsoft Visual Studio Solution File, Format Version 12.00
# Visual Studio Version 17
VisualStudioVersion = 17.8.34330.188
MinimumVisualStudioVersion = 10.0.40219.1
Project("{FAE04EC0-301F-11D3-BF4B-00C04F79EFBC}") = "BlazorTodoList", "BlazorTodoList\BlazorTodoList.csproj", "{2D79910B-E2E0-47EF-BB00-C13E6F5E29CF}"
EndProject
Global
	GlobalSection(SolutionConfigurationPlatforms) = preSolution
		Debug|Any CPU = Debug|Any CPU
		Release|Any CPU = Release|Any CPU
	EndGlobalSection
	GlobalSection(ProjectConfigurationPlatforms) = postSolution
		{2D79910B-E2E0-47EF-BB00-C13E6F5E29CF}.Debug|Any CPU.ActiveCfg = Debug|Any CPU
		{2D79910B-E2E0-47EF-BB00-C13E6F5E29CF}.Debug|Any CPU.Build.0 = Debug|Any CPU
		{2D79910B-E2E0-47EF-BB00-C13E6F5E29CF}.Release|Any CPU.ActiveCfg = Release|Any CPU
		{2D79910B-E2E0-47EF-BB00-C13E6F5E29CF}.Release|Any CPU.Build.0 = Release|Any CPU
	EndGlobalSection
	GlobalSection(SolutionProperties) = preSolution
		HideSolutionNode = FALSE
	EndGlobalSection
	GlobalSection(ExtensibilityGlobals) = postSolution
		SolutionGuid = {B741C2A9-A0BD-4DB8-8B12-A469F2BADBBB}
	EndGlobalSection
EndGlobal
